lockfileVersion: '9.0'

settings:
  autoInstallPeers: true
  excludeLinksFromLockfile: false

importers:

  .:
    dependencies:
      '@typedb/driver-http':
        specifier: ~3.7.0
        version: 3.7.0
    devDependencies:
      typescript:
        specifier: ^5.0.0
        version: 5.9.3

packages:

  '@typedb/driver-http@3.7.0':
    resolution: {integrity: sha512-vFdyq7K/0MCU1QezoL3cJ6BrowG883d9Hvh6rtdgos4yN4qsQFTtLG0pnkA3H+1IENA5YWVq+YKuMfb9gq+Amg==}

  typescript@5.9.3:
    resolution: {integrity: sha512-jl1vZzPDinLr9eUt3J/t7V6FgNEw9QjvBPdysz9KfQDD41fQrC2Y4vKQdiaUpFT4bXlb1RHhLpp8wtm6M5TgSw==}
    engines: {node: '>=14.17'}
    hasBin: true

snapshots:

  '@typedb/driver-http@3.7.0': {}

  typescript@5.9.3: {}
